
Microsoft Visual Studio Solution File, Format Version 12.00
# Visual Studio 2013
VisualStudioVersion = 12.0.30723.0
MinimumVisualStudioVersion = 10.0.40219.1
Project("{FAE04EC0-301F-11D3-BF4B-00C04F79EFBC}") = "OwinChristmasPresents", "OwinChristmasPresents\OwinChristmasPresents.csproj", "{63168F3F-0764-4776-854C-0E8200D0BA51}"
EndProject
Project("{2150E333-8FDC-42A3-9474-1A3956D46DE8}") = "PublishScripts", "PublishScripts", "{FCB1DDDD-C995-4352-B523-13BB268C6A40}"
	ProjectSection(SolutionItems) = preProject
		PublishScripts\AzureWebsitePublishModule.psm1 = PublishScripts\AzureWebsitePublishModule.psm1
		PublishScripts\Publish-WebApplicationWebsite.ps1 = PublishScripts\Publish-WebApplicationWebsite.ps1
	EndProjectSection
EndProject
Project("{2150E333-8FDC-42A3-9474-1A3956D46DE8}") = "Configurations", "Configurations", "{BABA923D-CB3A-41DA-81B1-471C8E35DD12}"
	ProjectSection(SolutionItems) = preProject
		PublishScripts\Configurations\OwinChristmasPresents-WAWS-dev.json = PublishScripts\Configurations\OwinChristmasPresents-WAWS-dev.json
	EndProjectSection
EndProject
Global
	GlobalSection(SolutionConfigurationPlatforms) = preSolution
		Debug|Any CPU = Debug|Any CPU
		Release|Any CPU = Release|Any CPU
	EndGlobalSection
	GlobalSection(ProjectConfigurationPlatforms) = postSolution
		{63168F3F-0764-4776-854C-0E8200D0BA51}.Debug|Any CPU.ActiveCfg = Debug|Any CPU
		{63168F3F-0764-4776-854C-0E8200D0BA51}.Debug|Any CPU.Build.0 = Debug|Any CPU
		{63168F3F-0764-4776-854C-0E8200D0BA51}.Release|Any CPU.ActiveCfg = Release|Any CPU
		{63168F3F-0764-4776-854C-0E8200D0BA51}.Release|Any CPU.Build.0 = Release|Any CPU
	EndGlobalSection
	GlobalSection(SolutionProperties) = preSolution
		HideSolutionNode = FALSE
	EndGlobalSection
	GlobalSection(NestedProjects) = preSolution
		{BABA923D-CB3A-41DA-81B1-471C8E35DD12} = {FCB1DDDD-C995-4352-B523-13BB268C6A40}
	EndGlobalSection
EndGlobal
